
Microsoft Visual Studio Solution File, Format Version 12.00
# Visual Studio Version 17
VisualStudioVersion = 17.13.35806.99 d17.13
MinimumVisualStudioVersion = 10.0.40219.1
Project("{FAE04EC0-301F-11D3-BF4B-00C04F79EFBC}") = "VacationManager", "VacationManager\VacationManager.csproj", "{745323AF-38CE-423B-9D49-C650C1F09072}"
EndProject
Project("{FAE04EC0-301F-11D3-BF4B-00C04F79EFBC}") = "VacationManager.Data", "VacationManager.Data\VacationManager.Data.csproj", "{EAE5DB88-A503-42EC-B9D9-1EDFD5C415B2}"
EndProject
Project("{FAE04EC0-301F-11D3-BF4B-00C04F79EFBC}") = "VacationManager.Core", "VacationManager.Core\VacationManager.Core.csproj", "{1EE1A41F-7F8D-4562-96EA-2E986A0E0A0C}"
EndProject
Global
	GlobalSection(SolutionConfigurationPlatforms) = preSolution
		Debug|Any CPU = Debug|Any CPU
		Release|Any CPU = Release|Any CPU
	EndGlobalSection
	GlobalSection(ProjectConfigurationPlatforms) = postSolution
		{745323AF-38CE-423B-9D49-C650C1F09072}.Debug|Any CPU.ActiveCfg = Debug|Any CPU
		{745323AF-38CE-423B-9D49-C650C1F09072}.Debug|Any CPU.Build.0 = Debug|Any CPU
		{745323AF-38CE-423B-9D49-C650C1F09072}.Release|Any CPU.ActiveCfg = Release|Any CPU
		{745323AF-38CE-423B-9D49-C650C1F09072}.Release|Any CPU.Build.0 = Release|Any CPU
		{EAE5DB88-A503-42EC-B9D9-1EDFD5C415B2}.Debug|Any CPU.ActiveCfg = Debug|Any CPU
		{EAE5DB88-A503-42EC-B9D9-1EDFD5C415B2}.Debug|Any CPU.Build.0 = Debug|Any CPU
		{EAE5DB88-A503-42EC-B9D9-1EDFD5C415B2}.Release|Any CPU.ActiveCfg = Release|Any CPU
		{EAE5DB88-A503-42EC-B9D9-1EDFD5C415B2}.Release|Any CPU.Build.0 = Release|Any CPU
		{1EE1A41F-7F8D-4562-96EA-2E986A0E0A0C}.Debug|Any CPU.ActiveCfg = Debug|Any CPU
		{1EE1A41F-7F8D-4562-96EA-2E986A0E0A0C}.Debug|Any CPU.Build.0 = Debug|Any CPU
		{1EE1A41F-7F8D-4562-96EA-2E986A0E0A0C}.Release|Any CPU.ActiveCfg = Release|Any CPU
		{1EE1A41F-7F8D-4562-96EA-2E986A0E0A0C}.Release|Any CPU.Build.0 = Release|Any CPU
	EndGlobalSection
	GlobalSection(SolutionProperties) = preSolution
		HideSolutionNode = FALSE
	EndGlobalSection
	GlobalSection(ExtensibilityGlobals) = postSolution
		SolutionGuid = {CE5C2175-755F-4C08-8DC6-2A451BA149BD}
	EndGlobalSection
EndGlobal
